<?xml version="1.0" encoding="utf-8"?>
<Project ToolsVersion="4.0" xmlns="http://schemas.microsoft.com/developer/msbuild/2003">
  <ItemGroup>
    <Filter Include="Source Files">
      <UniqueIdentifier>{4FC737F1-C7A5-4376-A066-2A32D752A2FF}</UniqueIdentifier>
      <Extensions>cpp;c;cc;cxx;def;odl;idl;hpj;bat;asm;asmx</Extensions>
    </Filter>
    <Filter Include="Header Files">
      <UniqueIdentifier>{93995380-89BD-4b04-88EB-625FBE52EBFB}</UniqueIdentifier>
      <Extensions>h;hh;hpp;hxx;hm;inl;inc;xsd</Extensions>
    </Filter>
    <Filter Include="Resource Files">
      <UniqueIdentifier>{67DA6AB6-F800-4c08-8B7A-83BB121AAD01}</UniqueIdentifier>
      <Extensions>rc;ico;cur;bmp;dlg;rc2;rct;bin;rgs;gif;jpg;jpeg;jpe;resx;tiff;tif;png;wav;mfcribbon-ms</Extensions>
    </Filter>
    <Filter Include="ViewItems">
      <UniqueIdentifier>{55af20b8-cad8-42be-b973-480d5fd10782}</UniqueIdentifier>
    </Filter>
    <Filter Include="ViewItems\Vec3ViewItem">
      <UniqueIdentifier>{f2f754fc-25ca-4aa6-91bd-d5c27e5d8e1d}</UniqueIdentifier>
    </Filter>
    <Filter Include="ViewItems\DefaultViewItem">
      <UniqueIdentifier>{38fe4060-2895-46bf-805f-3072f248a159}</UniqueIdentifier>
    </Filter>
    <Filter Include="ViewItems\FloatViewItem">
      <UniqueIdentifier>{7f9386c7-d6de-4066-ba25-28326edcc65c}</UniqueIdentifier>
    </Filter>
    <Filter Include="ViewItems\RTValViewItem">
      <UniqueIdentifier>{90dc53e2-0cda-4f86-bef5-fd2bfcf9cddb}</UniqueIdentifier>
    </Filter>
    <Filter Include="ViewItems\ColorViewItem">
      <UniqueIdentifier>{0d5b7434-c299-450c-a368-f685fead4d42}</UniqueIdentifier>
    </Filter>
  </ItemGroup>
  <ItemGroup>
    <ClCompile Include="BaseViewItem.cpp">
      <Filter>Source Files</Filter>
    </ClCompile>
    <ClCompile Include="ViewItemFactory.cpp">
      <Filter>Source Files</Filter>
    </ClCompile>
    <ClCompile Include="BaseViewItemCreator.cpp">
      <Filter>Source Files</Filter>
    </ClCompile>
    <ClCompile Include="StdAfx.cpp" />
    <ClCompile Include="BaseModelItem.cpp">
      <Filter>Source Files</Filter>
    </ClCompile>
    <ClCompile Include="Vec3ViewItem.cpp">
      <Filter>ViewItems\Vec3ViewItem</Filter>
    </ClCompile>
    <ClCompile Include="DefaultViewItem.cpp">
      <Filter>ViewItems\DefaultViewItem</Filter>
    </ClCompile>
    <ClCompile Include="FloatViewItem.cpp">
      <Filter>ViewItems\FloatViewItem</Filter>
    </ClCompile>
    <ClCompile Include="RTValViewItem.cpp">
      <Filter>ViewItems\RTValViewItem</Filter>
    </ClCompile>
    <ClCompile Include="RTValViewItemCreator.cpp">
      <Filter>ViewItems\RTValViewItem</Filter>
    </ClCompile>
    <ClCompile Include="ColorViewItem.cpp">
      <Filter>ViewItems\ColorViewItem</Filter>
    </ClCompile>
  </ItemGroup>
  <ItemGroup>
    <CustomBuild Include="BaseModelItem.h">
      <Filter>Header Files</Filter>
    </CustomBuild>
    <CustomBuild Include="BaseViewItem.h">
      <Filter>Header Files</Filter>
    </CustomBuild>
    <CustomBuild Include="FloatViewItem.h">
      <Filter>ViewItems\FloatViewItem</Filter>
    </CustomBuild>
    <CustomBuild Include="RTValViewItem.h">
      <Filter>ViewItems\RTValViewItem</Filter>
    </CustomBuild>
  </ItemGroup>
  <ItemGroup>
    <ClInclude Include="ViewItemFactory.h">
      <Filter>Header Files</Filter>
    </ClInclude>
    <ClInclude Include="BaseViewItemCreator.h">
      <Filter>Header Files</Filter>
    </ClInclude>
    <ClInclude Include="QVariantRTVal.h" />
    <ClInclude Include="StdAfx.h" />
    <ClInclude Include="Vec3ViewItem.h">
      <Filter>ViewItems\Vec3ViewItem</Filter>
    </ClInclude>
    <ClInclude Include="DefaultViewItem.h">
      <Filter>ViewItems\DefaultViewItem</Filter>
    </ClInclude>
    <ClInclude Include="RTValViewItemCreator.h">
      <Filter>ViewItems\RTValViewItem</Filter>
    </ClInclude>
    <ClInclude Include="ColorViewItem.h">
      <Filter>ViewItems\ColorViewItem</Filter>
    </ClInclude>
    <ClInclude Include="DllExport.h">
      <Filter>Header Files</Filter>
    </ClInclude>
  </ItemGroup>
</Project>